
Microsoft Visual Studio Solution File, Format Version 12.00
# Visual Studio 2013
VisualStudioVersion = 12.0.30324.0
MinimumVisualStudioVersion = 10.0.40219.1
Project("{FAE04EC0-301F-11D3-BF4B-00C04F79EFBC}") = "Sam.MongoLogging.Web", "Sam.MongoLogging.Web\Sam.MongoLogging.Web.csproj", "{0EA0C821-FBFA-48CE-9FE7-3C0A48BC660B}"
EndProject
Project("{FAE04EC0-301F-11D3-BF4B-00C04F79EFBC}") = "Sam.MongoLogging.Logging", "Sam.MongoLogging.Logging\Sam.MongoLogging.Logging.csproj", "{39E2DA2F-6587-440C-9064-16B28A07B3BD}"
EndProject
Project("{2150E333-8FDC-42A3-9474-1A3956D46DE8}") = ".nuget", ".nuget", "{561BEA6C-6D15-4AA4-89E6-794AC55F28A7}"
	ProjectSection(SolutionItems) = preProject
		.nuget\NuGet.Config = .nuget\NuGet.Config
		.nuget\NuGet.exe = .nuget\NuGet.exe
		.nuget\NuGet.targets = .nuget\NuGet.targets
	EndProjectSection
EndProject
Global
	GlobalSection(SolutionConfigurationPlatforms) = preSolution
		Debug|Any CPU = Debug|Any CPU
		Release|Any CPU = Release|Any CPU
	EndGlobalSection
	GlobalSection(ProjectConfigurationPlatforms) = postSolution
		{0EA0C821-FBFA-48CE-9FE7-3C0A48BC660B}.Debug|Any CPU.ActiveCfg = Debug|Any CPU
		{0EA0C821-FBFA-48CE-9FE7-3C0A48BC660B}.Debug|Any CPU.Build.0 = Debug|Any CPU
		{0EA0C821-FBFA-48CE-9FE7-3C0A48BC660B}.Release|Any CPU.ActiveCfg = Release|Any CPU
		{0EA0C821-FBFA-48CE-9FE7-3C0A48BC660B}.Release|Any CPU.Build.0 = Release|Any CPU
		{39E2DA2F-6587-440C-9064-16B28A07B3BD}.Debug|Any CPU.ActiveCfg = Debug|Any CPU
		{39E2DA2F-6587-440C-9064-16B28A07B3BD}.Debug|Any CPU.Build.0 = Debug|Any CPU
		{39E2DA2F-6587-440C-9064-16B28A07B3BD}.Release|Any CPU.ActiveCfg = Release|Any CPU
		{39E2DA2F-6587-440C-9064-16B28A07B3BD}.Release|Any CPU.Build.0 = Release|Any CPU
	EndGlobalSection
	GlobalSection(SolutionProperties) = preSolution
		HideSolutionNode = FALSE
	EndGlobalSection
EndGlobal
